
Microsoft Visual Studio Solution File, Format Version 12.00
# Visual Studio Version 17
VisualStudioVersion = 17.1.32228.430
MinimumVisualStudioVersion = 10.0.40219.1
Project("{8BC9CEB8-8B4A-11D0-8D11-00A0C91BC942}") = "VulkanGameEngine", "VulkanGameEngine\VulkanGameEngine.vcxproj", "{31F0994B-FBDF-4E58-979D-398076E8E399}"
EndProject
Global
	GlobalSection(SolutionConfigurationPlatforms) = preSolution
		Debug|x64 = Debug|x64
		Debug|x86 = Debug|x86
		Release|x64 = Release|x64
		Release|x86 = Release|x86
	EndGlobalSection
	GlobalSection(ProjectConfigurationPlatforms) = postSolution
		{31F0994B-FBDF-4E58-979D-398076E8E399}.Debug|x64.ActiveCfg = Debug|x64
		{31F0994B-FBDF-4E58-979D-398076E8E399}.Debug|x64.Build.0 = Debug|x64
		{31F0994B-FBDF-4E58-979D-398076E8E399}.Debug|x86.ActiveCfg = Debug|Win32
		{31F0994B-FBDF-4E58-979D-398076E8E399}.Debug|x86.Build.0 = Debug|Win32
		{31F0994B-FBDF-4E58-979D-398076E8E399}.Release|x64.ActiveCfg = Release|x64
		{31F0994B-FBDF-4E58-979D-398076E8E399}.Release|x64.Build.0 = Release|x64
		{31F0994B-FBDF-4E58-979D-398076E8E399}.Release|x86.ActiveCfg = Release|Win32
		{31F0994B-FBDF-4E58-979D-398076E8E399}.Release|x86.Build.0 = Release|Win32
	EndGlobalSection
	GlobalSection(SolutionProperties) = preSolution
		HideSolutionNode = FALSE
	EndGlobalSection
	GlobalSection(ExtensibilityGlobals) = postSolution
		SolutionGuid = {409D0EAD-EAD4-481B-8AAB-08B847047EEC}
	EndGlobalSection
EndGlobal
